{
    "_readme": [
        "This file locks the dependencies of your project to a known state",
        "Read more about it at https://getcomposer.org/doc/01-basic-usage.md#installing-dependencies",
        "This file is @generated automatically"
    ],
    "content-hash": "a256dbdad955e55d61d450b4cd7c64fd",
    "packages": [
        {
            "name": "denisok94/helper",
            "version": "0.8.6",
            "source": {
                "type": "git",
                "url": "https://github.com/Denisok94/helper.git",
                "reference": "f04cd359bb7e9137765adc4eb2e33f136bb1d894"
            },
            "dist": {
                "type": "zip",
                "url": "https://api.github.com/repos/Denisok94/helper/zipball/f04cd359bb7e9137765adc4eb2e33f136bb1d894",
                "reference": "f04cd359bb7e9137765adc4eb2e33f136bb1d894",
                "shasum": ""
            },
            "require": {
                "denisok94/helper-composer": "*"
            },
            "type": "library",
            "autoload": {
                "psr-4": {
                    "denisok94\\helper\\": "src/"
                }
            },
            "notification-url": "https://packagist.org/downloads/",
            "license": [
                "BSD-3-Clause"
            ],
            "authors": [
                {
                    "name": "Denisok94",
                    "email": "denisok94@inbox.ru"
                }
            ],
            "description": "A class with a set of functions to facilitate programming",
            "keywords": [
                "php console",
                "php helper class",
                "yii2 Meta Tag",
                "yii2-extension"
            ],
            "support": {
                "issues": "https://github.com/Denisok94/helper/issues",
                "source": "https://github.com/Denisok94/"
            },
            "time": "2024-12-16T16:53:44+00:00"
        },
        {
            "name": "denisok94/helper-composer",
            "version": "0.0.10",
            "source": {
                "type": "git",
                "url": "https://github.com/Denisok94/helper-composer.git",
                "reference": "df29465a0f00da840b7f3008d207fb380d989ba2"
            },
            "dist": {
                "type": "zip",
                "url": "https://api.github.com/repos/Denisok94/helper-composer/zipball/df29465a0f00da840b7f3008d207fb380d989ba2",
                "reference": "df29465a0f00da840b7f3008d207fb380d989ba2",
                "shasum": ""
            },
            "require": {
                "composer-plugin-api": "^1.0 | ^2.0"
            },
            "require-dev": {
                "composer/composer": "^1.0 | ^2.0@dev",
                "phpunit/phpunit": "<7"
            },
            "type": "composer-plugin",
            "extra": {
                "class": "denisok94\\helper\\composer\\Plugin",
                "branch-alias": {
                    "dev-master": "0.0.x-dev"
                }
            },
            "autoload": {
                "psr-4": {
                    "denisok94\\helper\\composer\\": "src"
                }
            },
            "notification-url": "https://packagist.org/downloads/",
            "license": [
                "MIT"
            ],
            "support": {
                "issues": "https://github.com/Denisok94/helper-composer/issues",
                "source": "https://github.com/Denisok94/helper-composer/tree/0.0.10"
            },
            "time": "2025-08-15T15:37:51+00:00"
        },
        {
            "name": "lite-mvc/core",
            "version": "0.0.4",
            "source": {
                "type": "git",
                "url": "https://github.com/Denisok94/mvc-core.git",
                "reference": "5a3b17b89ca325458ffc65bba179b1adca0bcd63"
            },
            "require": {
                "denisok94/helper": ">=0.8.6",
                "ext-curl": "*",
                "ext-json": "*",
                "ext-mbstring": "*",
                "php": "7.4 || ^8.0 <8.4",
                "wa72/url": "^0.7.0"
            },
            "type": "library",
            "autoload": {
                "psr-4": {
                    "LiteMvc\\Core\\": "src/"
                }
            },
            "license": [
                "MIT"
            ],
            "authors": [
                {
                    "name": "Denisok94",
                    "email": "denisok94@inbox.ru"
                }
            ],
            "time": "2025-08-21T22:00:59+00:00"
        },
        {
            "name": "wa72/url",
            "version": "v0.7.1",
            "source": {
                "type": "git",
                "url": "https://github.com/wasinger/url.git",
                "reference": "9ae182a0e3408ca8956186eafbbc497144d27d44"
            },
            "dist": {
                "type": "zip",
                "url": "https://api.github.com/repos/wasinger/url/zipball/9ae182a0e3408ca8956186eafbbc497144d27d44",
                "reference": "9ae182a0e3408ca8956186eafbbc497144d27d44",
                "shasum": ""
            },
            "require": {
                "php": ">=5.6"
            },
            "require-dev": {
                "phpunit/phpunit": "^4|^5|^6|^7",
                "psr/http-message": "^1.0"
            },
            "suggest": {
                "psr/http-message": "For using the Psr7Uri class implementing Psr\\Http\\Message\\UriInterface"
            },
            "type": "library",
            "autoload": {
                "psr-4": {
                    "Wa72\\Url\\": "src/Wa72/Url"
                }
            },
            "notification-url": "https://packagist.org/downloads/",
            "license": [
                "MIT"
            ],
            "authors": [
                {
                    "name": "Christoph Singer",
                    "email": "singer@webagentur72.de",
                    "homepage": "http://www.webagentur72.de"
                }
            ],
            "description": "Class for handling and manipulating URLs",
            "homepage": "http://github.com/wasinger/url",
            "support": {
                "issues": "https://github.com/wasinger/url/issues",
                "source": "https://github.com/wasinger/url/tree/master"
            },
            "time": "2018-07-25T15:54:06+00:00"
        }
    ],
    "packages-dev": [],
    "aliases": [],
    "minimum-stability": "stable",
    "stability-flags": {},
    "prefer-stable": false,
    "prefer-lowest": false,
    "platform": {
        "php": "^8.3",
        "ext-pdo": "*",
        "ext-curl": "*",
        "ext-json": "*",
        "ext-mbstring": "*"
    },
    "platform-dev": {},
    "plugin-api-version": "2.6.0"
}
